
Microsoft Visual Studio Solution File, Format Version 11.00
# Visual Studio 2010
Project("{FAE04EC0-301F-11D3-BF4B-00C04F79EFBC}") = "SilverlightApplication11", "SilverlightApplication11\SilverlightApplication11.csproj", "{64714705-E985-4D5C-9404-F323B4A3E2B4}"
EndProject
Project("{FAE04EC0-301F-11D3-BF4B-00C04F79EFBC}") = "SilverlightApplication11.Web", "SilverlightApplication11.Web\SilverlightApplication11.Web.csproj", "{7B1FE9FA-0760-46E5-A50A-17A24E9271E8}"
EndProject
Global
	GlobalSection(SolutionConfigurationPlatforms) = preSolution
		Debug|Any CPU = Debug|Any CPU
		Release|Any CPU = Release|Any CPU
	EndGlobalSection
	GlobalSection(ProjectConfigurationPlatforms) = postSolution
		{64714705-E985-4D5C-9404-F323B4A3E2B4}.Debug|Any CPU.ActiveCfg = Debug|Any CPU
		{64714705-E985-4D5C-9404-F323B4A3E2B4}.Debug|Any CPU.Build.0 = Debug|Any CPU
		{64714705-E985-4D5C-9404-F323B4A3E2B4}.Release|Any CPU.ActiveCfg = Release|Any CPU
		{64714705-E985-4D5C-9404-F323B4A3E2B4}.Release|Any CPU.Build.0 = Release|Any CPU
		{7B1FE9FA-0760-46E5-A50A-17A24E9271E8}.Debug|Any CPU.ActiveCfg = Debug|Any CPU
		{7B1FE9FA-0760-46E5-A50A-17A24E9271E8}.Debug|Any CPU.Build.0 = Debug|Any CPU
		{7B1FE9FA-0760-46E5-A50A-17A24E9271E8}.Release|Any CPU.ActiveCfg = Release|Any CPU
		{7B1FE9FA-0760-46E5-A50A-17A24E9271E8}.Release|Any CPU.Build.0 = Release|Any CPU
	EndGlobalSection
	GlobalSection(SolutionProperties) = preSolution
		HideSolutionNode = FALSE
	EndGlobalSection
EndGlobal
